# This file is automatically @generated by Cargo.
# It is not intended for manual editing.
[[package]]
name = "aoc2017"
version = "0.1.0"
dependencies = [
 "bitvec 0.15.2 (registry+https://github.com/rust-lang/crates.io-index)",
 "itertools 0.8.1 (registry+https://github.com/rust-lang/crates.io-index)",
]

[[package]]
name = "bitvec"
version = "0.15.2"
source = "registry+https://github.com/rust-lang/crates.io-index"

[[package]]
name = "either"
version = "1.5.3"
source = "registry+https://github.com/rust-lang/crates.io-index"

[[package]]
name = "itertools"
version = "0.8.1"
source = "registry+https://github.com/rust-lang/crates.io-index"
dependencies = [
 "either 1.5.3 (registry+https://github.com/rust-lang/crates.io-index)",
]

[metadata]
"checksum bitvec 0.15.2 (registry+https://github.com/rust-lang/crates.io-index)" = "a993f74b4c99c1908d156b8d2e0fb6277736b0ecbd833982fd1241d39b2766a6"
"checksum either 1.5.3 (registry+https://github.com/rust-lang/crates.io-index)" = "bb1f6b1ce1c140482ea30ddd3335fc0024ac7ee112895426e0a629a6c20adfe3"
"checksum itertools 0.8.1 (registry+https://github.com/rust-lang/crates.io-index)" = "87fa75c9dea7b07be3138c49abbb83fd4bea199b5cdc76f9804458edc5da0d6e"
